
Microsoft Visual Studio Solution File, Format Version 12.00
# Visual Studio Version 16
VisualStudioVersion = 16.0.30804.86
MinimumVisualStudioVersion = 10.0.40219.1
Project("{9A19103F-16F7-4668-BE54-9A1E7A4F7556}") = "RetailPlatform.API", "RetailPlatform.API\RetailPlatform.API.csproj", "{9EB13E01-C0EC-4FEB-9866-E91485CE363C}"
EndProject
Project("{9A19103F-16F7-4668-BE54-9A1E7A4F7556}") = "RetailPlatform.Core", "RetailPlatform.Core\RetailPlatform.Core.csproj", "{D7D17B72-83F9-447C-BB05-788ACA2FE9AD}"
EndProject
Project("{9A19103F-16F7-4668-BE54-9A1E7A4F7556}") = "RetailPlatform.Infrastructure", "RetailPlatform.Infrastructure\RetailPlatform.Infrastructure.csproj", "{0BFC7847-DCC2-49ED-B943-E791B8C5D986}"
EndProject
Project("{9A19103F-16F7-4668-BE54-9A1E7A4F7556}") = "RetailPlatform.Common", "RetailPlatform.Common\RetailPlatform.Common.csproj", "{D3C14E95-CC1E-488E-8BF3-E28B686BAE2B}"
EndProject
Global
	GlobalSection(SolutionConfigurationPlatforms) = preSolution
		Debug|Any CPU = Debug|Any CPU
		Release|Any CPU = Release|Any CPU
	EndGlobalSection
	GlobalSection(ProjectConfigurationPlatforms) = postSolution
		{9EB13E01-C0EC-4FEB-9866-E91485CE363C}.Debug|Any CPU.ActiveCfg = Debug|Any CPU
		{9EB13E01-C0EC-4FEB-9866-E91485CE363C}.Debug|Any CPU.Build.0 = Debug|Any CPU
		{9EB13E01-C0EC-4FEB-9866-E91485CE363C}.Release|Any CPU.ActiveCfg = Release|Any CPU
		{9EB13E01-C0EC-4FEB-9866-E91485CE363C}.Release|Any CPU.Build.0 = Release|Any CPU
		{D7D17B72-83F9-447C-BB05-788ACA2FE9AD}.Debug|Any CPU.ActiveCfg = Debug|Any CPU
		{D7D17B72-83F9-447C-BB05-788ACA2FE9AD}.Debug|Any CPU.Build.0 = Debug|Any CPU
		{D7D17B72-83F9-447C-BB05-788ACA2FE9AD}.Release|Any CPU.ActiveCfg = Release|Any CPU
		{D7D17B72-83F9-447C-BB05-788ACA2FE9AD}.Release|Any CPU.Build.0 = Release|Any CPU
		{0BFC7847-DCC2-49ED-B943-E791B8C5D986}.Debug|Any CPU.ActiveCfg = Debug|Any CPU
		{0BFC7847-DCC2-49ED-B943-E791B8C5D986}.Debug|Any CPU.Build.0 = Debug|Any CPU
		{0BFC7847-DCC2-49ED-B943-E791B8C5D986}.Release|Any CPU.ActiveCfg = Release|Any CPU
		{0BFC7847-DCC2-49ED-B943-E791B8C5D986}.Release|Any CPU.Build.0 = Release|Any CPU
		{D3C14E95-CC1E-488E-8BF3-E28B686BAE2B}.Debug|Any CPU.ActiveCfg = Debug|Any CPU
		{D3C14E95-CC1E-488E-8BF3-E28B686BAE2B}.Debug|Any CPU.Build.0 = Debug|Any CPU
		{D3C14E95-CC1E-488E-8BF3-E28B686BAE2B}.Release|Any CPU.ActiveCfg = Release|Any CPU
		{D3C14E95-CC1E-488E-8BF3-E28B686BAE2B}.Release|Any CPU.Build.0 = Release|Any CPU
	EndGlobalSection
	GlobalSection(SolutionProperties) = preSolution
		HideSolutionNode = FALSE
	EndGlobalSection
	GlobalSection(ExtensibilityGlobals) = postSolution
		SolutionGuid = {DDF4C3BB-5E94-4F93-8DF2-B813D1768E7C}
	EndGlobalSection
EndGlobal
